lockfileVersion: '6.0'

settings:
  autoInstallPeers: true
  excludeLinksFromLockfile: false

devDependencies:
  '@types/uuid':
    specifier: ^9.0.4
    version: 9.0.4

packages:

  /@types/uuid@9.0.4:
    resolution: {integrity: sha512-zAuJWQflfx6dYJM62vna+Sn5aeSWhh3OB+wfUEACNcqUSc0AGc5JKl+ycL1vrH7frGTXhJchYjE1Hak8L819dA==}
    dev: true
